
Microsoft Visual Studio Solution File, Format Version 12.00
# Visual Studio 15
VisualStudioVersion = 15.0.28010.2016
MinimumVisualStudioVersion = 10.0.40219.1
Project("{FAE04EC0-301F-11D3-BF4B-00C04F79EFBC}") = "Hometask", "WindowsFormsApp1\Hometask.csproj", "{4444F356-22E0-4631-ADFE-E7333D0708F3}"
EndProject
Global
	GlobalSection(SolutionConfigurationPlatforms) = preSolution
		Debug|Any CPU = Debug|Any CPU
		Release|Any CPU = Release|Any CPU
	EndGlobalSection
	GlobalSection(ProjectConfigurationPlatforms) = postSolution
		{4444F356-22E0-4631-ADFE-E7333D0708F3}.Debug|Any CPU.ActiveCfg = Debug|Any CPU
		{4444F356-22E0-4631-ADFE-E7333D0708F3}.Debug|Any CPU.Build.0 = Debug|Any CPU
		{4444F356-22E0-4631-ADFE-E7333D0708F3}.Release|Any CPU.ActiveCfg = Release|Any CPU
		{4444F356-22E0-4631-ADFE-E7333D0708F3}.Release|Any CPU.Build.0 = Release|Any CPU
	EndGlobalSection
	GlobalSection(SolutionProperties) = preSolution
		HideSolutionNode = FALSE
	EndGlobalSection
	GlobalSection(ExtensibilityGlobals) = postSolution
		SolutionGuid = {B31A1CFE-7F5D-4CF8-B534-12B88246B66F}
	EndGlobalSection
EndGlobal
